
Microsoft Visual Studio Solution File, Format Version 12.00
# Visual Studio Version 17
VisualStudioVersion = 17.8.34525.116
MinimumVisualStudioVersion = 10.0.40219.1
Project("{FAE04EC0-301F-11D3-BF4B-00C04F79EFBC}") = "Examm", "Examm\Examm.csproj", "{637AA76D-A2CE-43B8-B108-55F38A792A9B}"
EndProject
Global
	GlobalSection(SolutionConfigurationPlatforms) = preSolution
		Debug|Any CPU = Debug|Any CPU
		Release|Any CPU = Release|Any CPU
	EndGlobalSection
	GlobalSection(ProjectConfigurationPlatforms) = postSolution
		{637AA76D-A2CE-43B8-B108-55F38A792A9B}.Debug|Any CPU.ActiveCfg = Debug|Any CPU
		{637AA76D-A2CE-43B8-B108-55F38A792A9B}.Debug|Any CPU.Build.0 = Debug|Any CPU
		{637AA76D-A2CE-43B8-B108-55F38A792A9B}.Release|Any CPU.ActiveCfg = Release|Any CPU
		{637AA76D-A2CE-43B8-B108-55F38A792A9B}.Release|Any CPU.Build.0 = Release|Any CPU
	EndGlobalSection
	GlobalSection(SolutionProperties) = preSolution
		HideSolutionNode = FALSE
	EndGlobalSection
	GlobalSection(ExtensibilityGlobals) = postSolution
		SolutionGuid = {7E20C38E-1052-4596-8816-0BE8167D6E19}
	EndGlobalSection
EndGlobal
